// !$*UTF8*$!
{
	archiveVersion = 1;
	classes = {
	};
	objectVersion = 70;
	objects = {

/* Begin PBXBuildFile section */
		084315B22CC477EA00FC4A72 /* QuestionModel.swift in Sources */ = {isa = PBXBuildFile; fileRef = 084315B12CC477EA00FC4A72 /* QuestionModel.swift */; };
		084315B52CC47BA200FC4A72 /* Levels.swift in Sources */ = {isa = PBXBuildFile; fileRef = 084315B42CC47BA200FC4A72 /* Levels.swift */; };
		084315B92CC4951F00FC4A72 /* PreferencesModel.swift in Sources */ = {isa = PBXBuildFile; fileRef = 084315B82CC4951F00FC4A72 /* PreferencesModel.swift */; };
		084315BB2CC495FF00FC4A72 /* PreferencesViewModel.swift in Sources */ = {isa = PBXBuildFile; fileRef = 084315BA2CC495FE00FC4A72 /* PreferencesViewModel.swift */; };
		085DF41D2CF81E1200254764 /* AudioAnswer.swift in Sources */ = {isa = PBXBuildFile; fileRef = 085DF41C2CF81E0100254764 /* AudioAnswer.swift */; };
		085DF41F2CF81F3200254764 /* AudioHistory.swift in Sources */ = {isa = PBXBuildFile; fileRef = 085DF41E2CF81F2E00254764 /* AudioHistory.swift */; };
		085DF4212CF8207100254764 /* AudioStore.swift in Sources */ = {isa = PBXBuildFile; fileRef = 085DF4202CF8206C00254764 /* AudioStore.swift */; };
		087AA4872CF6A3DB0022423D /* SpeechRecognizer.swift in Sources */ = {isa = PBXBuildFile; fileRef = 087AA4852CF6A3DB0022423D /* SpeechRecognizer.swift */; };
		087AA4882CF6A3DB0022423D /* AVPlayer+Ding.swift in Sources */ = {isa = PBXBuildFile; fileRef = 087AA47F2CF6A3DB0022423D /* AVPlayer+Ding.swift */; };
		087AA4892CF6A3DB0022423D /* DailyScrum.swift in Sources */ = {isa = PBXBuildFile; fileRef = 087AA4802CF6A3DB0022423D /* DailyScrum.swift */; };
		087AA48A2CF6A3DB0022423D /* ScrumTimer.swift in Sources */ = {isa = PBXBuildFile; fileRef = 087AA4842CF6A3DB0022423D /* ScrumTimer.swift */; };
		087AA48B2CF6A3DB0022423D /* ErrorWrapper.swift in Sources */ = {isa = PBXBuildFile; fileRef = 087AA4812CF6A3DB0022423D /* ErrorWrapper.swift */; };
		087AA48C2CF6A3DB0022423D /* History.swift in Sources */ = {isa = PBXBuildFile; fileRef = 087AA4822CF6A3DB0022423D /* History.swift */; };
		087AA48D2CF6A3DB0022423D /* ScrumStore.swift in Sources */ = {isa = PBXBuildFile; fileRef = 087AA4832CF6A3DB0022423D /* ScrumStore.swift */; };
		087AA48E2CF6A3DB0022423D /* Theme.swift in Sources */ = {isa = PBXBuildFile; fileRef = 087AA4862CF6A3DB0022423D /* Theme.swift */; };
		087AA4B12CF6AA2D0022423D /* ding.wav in Resources */ = {isa = PBXBuildFile; fileRef = 087AA4AF2CF6AA2D0022423D /* ding.wav */; };
		088012D42CE9AE7900F4EC79 /* GoogleGenerativeAI in Frameworks */ = {isa = PBXBuildFile; productRef = 088012D32CE9AE7900F4EC79 /* GoogleGenerativeAI */; };
		088012D82CE9B03400F4EC79 /* APIKey.swift in Sources */ = {isa = PBXBuildFile; fileRef = 088012D72CE9B03000F4EC79 /* APIKey.swift */; };
		089774582CC33C5B00AD50F6 /* MockItUpApp.swift in Sources */ = {isa = PBXBuildFile; fileRef = 089774572CC33C5B00AD50F6 /* MockItUpApp.swift */; };
		0897745C2CC33C5D00AD50F6 /* Assets.xcassets in Resources */ = {isa = PBXBuildFile; fileRef = 0897745B2CC33C5D00AD50F6 /* Assets.xcassets */; };
		0897745F2CC33C5D00AD50F6 /* Preview Assets.xcassets in Resources */ = {isa = PBXBuildFile; fileRef = 0897745E2CC33C5D00AD50F6 /* Preview Assets.xcassets */; };
		089774692CC33C5D00AD50F6 /* MockItUpTests.swift in Sources */ = {isa = PBXBuildFile; fileRef = 089774682CC33C5D00AD50F6 /* MockItUpTests.swift */; };
		089774732CC33C5D00AD50F6 /* MockItUpUITests.swift in Sources */ = {isa = PBXBuildFile; fileRef = 089774722CC33C5D00AD50F6 /* MockItUpUITests.swift */; };
		089774752CC33C5D00AD50F6 /* MockItUpUITestsLaunchTests.swift in Sources */ = {isa = PBXBuildFile; fileRef = 089774742CC33C5D00AD50F6 /* MockItUpUITestsLaunchTests.swift */; };
		089C63452CCEA5BC004BD505 /* QuestionViewModel.swift in Sources */ = {isa = PBXBuildFile; fileRef = 089C63442CCEA5BC004BD505 /* QuestionViewModel.swift */; };
		089C634D2CCEFCB3004BD505 /* VideoContentViewModel.swift in Sources */ = {isa = PBXBuildFile; fileRef = 089C634C2CCEFCB3004BD505 /* VideoContentViewModel.swift */; };
/* End PBXBuildFile section */

/* Begin PBXContainerItemProxy section */
		089774652CC33C5D00AD50F6 /* PBXContainerItemProxy */ = {
			isa = PBXContainerItemProxy;
			containerPortal = 0897744C2CC33C5B00AD50F6 /* Project object */;
			proxyType = 1;
			remoteGlobalIDString = 089774532CC33C5B00AD50F6;
			remoteInfo = MockItUp;
		};
		0897746F2CC33C5D00AD50F6 /* PBXContainerItemProxy */ = {
			isa = PBXContainerItemProxy;
			containerPortal = 0897744C2CC33C5B00AD50F6 /* Project object */;
			proxyType = 1;
			remoteGlobalIDString = 089774532CC33C5B00AD50F6;
			remoteInfo = MockItUp;
		};
/* End PBXContainerItemProxy section */

/* Begin PBXFileReference section */
		084315B12CC477EA00FC4A72 /* QuestionModel.swift */ = {isa = PBXFileReference; lastKnownFileType = sourcecode.swift; path = QuestionModel.swift; sourceTree = "<group>"; };
		084315B42CC47BA200FC4A72 /* Levels.swift */ = {isa = PBXFileReference; lastKnownFileType = sourcecode.swift; path = Levels.swift; sourceTree = "<group>"; };
		084315B82CC4951F00FC4A72 /* PreferencesModel.swift */ = {isa = PBXFileReference; lastKnownFileType = sourcecode.swift; path = PreferencesModel.swift; sourceTree = "<group>"; };
		084315BA2CC495FE00FC4A72 /* PreferencesViewModel.swift */ = {isa = PBXFileReference; lastKnownFileType = sourcecode.swift; path = PreferencesViewModel.swift; sourceTree = "<group>"; };
		085DF41C2CF81E0100254764 /* AudioAnswer.swift */ = {isa = PBXFileReference; lastKnownFileType = sourcecode.swift; path = AudioAnswer.swift; sourceTree = "<group>"; };
		085DF41E2CF81F2E00254764 /* AudioHistory.swift */ = {isa = PBXFileReference; lastKnownFileType = sourcecode.swift; path = AudioHistory.swift; sourceTree = "<group>"; };
		085DF4202CF8206C00254764 /* AudioStore.swift */ = {isa = PBXFileReference; lastKnownFileType = sourcecode.swift; path = AudioStore.swift; sourceTree = "<group>"; };
		087AA47F2CF6A3DB0022423D /* AVPlayer+Ding.swift */ = {isa = PBXFileReference; lastKnownFileType = sourcecode.swift; path = "AVPlayer+Ding.swift"; sourceTree = "<group>"; };
		087AA4802CF6A3DB0022423D /* DailyScrum.swift */ = {isa = PBXFileReference; lastKnownFileType = sourcecode.swift; path = DailyScrum.swift; sourceTree = "<group>"; };
		087AA4812CF6A3DB0022423D /* ErrorWrapper.swift */ = {isa = PBXFileReference; lastKnownFileType = sourcecode.swift; path = ErrorWrapper.swift; sourceTree = "<group>"; };
		087AA4822CF6A3DB0022423D /* History.swift */ = {isa = PBXFileReference; lastKnownFileType = sourcecode.swift; path = History.swift; sourceTree = "<group>"; };
		087AA4832CF6A3DB0022423D /* ScrumStore.swift */ = {isa = PBXFileReference; lastKnownFileType = sourcecode.swift; path = ScrumStore.swift; sourceTree = "<group>"; };
		087AA4842CF6A3DB0022423D /* ScrumTimer.swift */ = {isa = PBXFileReference; lastKnownFileType = sourcecode.swift; path = ScrumTimer.swift; sourceTree = "<group>"; };
		087AA4852CF6A3DB0022423D /* SpeechRecognizer.swift */ = {isa = PBXFileReference; lastKnownFileType = sourcecode.swift; path = SpeechRecognizer.swift; sourceTree = "<group>"; };
		087AA4862CF6A3DB0022423D /* Theme.swift */ = {isa = PBXFileReference; lastKnownFileType = sourcecode.swift; path = Theme.swift; sourceTree = "<group>"; };
		087AA4AF2CF6AA2D0022423D /* ding.wav */ = {isa = PBXFileReference; lastKnownFileType = audio.wav; path = ding.wav; sourceTree = "<group>"; };
		088012D72CE9B03000F4EC79 /* APIKey.swift */ = {isa = PBXFileReference; lastKnownFileType = sourcecode.swift; path = APIKey.swift; sourceTree = "<group>"; };
		089774542CC33C5B00AD50F6 /* MockItUp.app */ = {isa = PBXFileReference; explicitFileType = wrapper.application; includeInIndex = 0; path = MockItUp.app; sourceTree = BUILT_PRODUCTS_DIR; };
		089774572CC33C5B00AD50F6 /* MockItUpApp.swift */ = {isa = PBXFileReference; lastKnownFileType = sourcecode.swift; path = MockItUpApp.swift; sourceTree = "<group>"; };
		0897745B2CC33C5D00AD50F6 /* Assets.xcassets */ = {isa = PBXFileReference; lastKnownFileType = folder.assetcatalog; path = Assets.xcassets; sourceTree = "<group>"; };
		0897745E2CC33C5D00AD50F6 /* Preview Assets.xcassets */ = {isa = PBXFileReference; lastKnownFileType = folder.assetcatalog; path = "Preview Assets.xcassets"; sourceTree = "<group>"; };
		089774642CC33C5D00AD50F6 /* MockItUpTests.xctest */ = {isa = PBXFileReference; explicitFileType = wrapper.cfbundle; includeInIndex = 0; path = MockItUpTests.xctest; sourceTree = BUILT_PRODUCTS_DIR; };
		089774682CC33C5D00AD50F6 /* MockItUpTests.swift */ = {isa = PBXFileReference; lastKnownFileType = sourcecode.swift; path = MockItUpTests.swift; sourceTree = "<group>"; };
		0897746E2CC33C5D00AD50F6 /* MockItUpUITests.xctest */ = {isa = PBXFileReference; explicitFileType = wrapper.cfbundle; includeInIndex = 0; path = MockItUpUITests.xctest; sourceTree = BUILT_PRODUCTS_DIR; };
		089774722CC33C5D00AD50F6 /* MockItUpUITests.swift */ = {isa = PBXFileReference; lastKnownFileType = sourcecode.swift; path = MockItUpUITests.swift; sourceTree = "<group>"; };
		089774742CC33C5D00AD50F6 /* MockItUpUITestsLaunchTests.swift */ = {isa = PBXFileReference; lastKnownFileType = sourcecode.swift; path = MockItUpUITestsLaunchTests.swift; sourceTree = "<group>"; };
		089C63442CCEA5BC004BD505 /* QuestionViewModel.swift */ = {isa = PBXFileReference; lastKnownFileType = sourcecode.swift; path = QuestionViewModel.swift; sourceTree = "<group>"; };
		089C634C2CCEFCB3004BD505 /* VideoContentViewModel.swift */ = {isa = PBXFileReference; lastKnownFileType = sourcecode.swift; path = VideoContentViewModel.swift; sourceTree = "<group>"; };
		08C8A4582CC5E54100662E21 /* StorageOptionsDocumentation.md */ = {isa = PBXFileReference; lastKnownFileType = net.daringfireball.markdown; path = StorageOptionsDocumentation.md; sourceTree = "<group>"; };
/* End PBXFileReference section */

/* Begin PBXFileSystemSynchronizedRootGroup section */
		085DF4492CF822B700254764 /* Views */ = {isa = PBXFileSystemSynchronizedRootGroup; explicitFileTypes = {}; explicitFolders = (); path = Views; sourceTree = "<group>"; };
/* End PBXFileSystemSynchronizedRootGroup section */

/* Begin PBXFrameworksBuildPhase section */
		089774512CC33C5B00AD50F6 /* Frameworks */ = {
			isa = PBXFrameworksBuildPhase;
			buildActionMask = 2147483647;
			files = (
				088012D42CE9AE7900F4EC79 /* GoogleGenerativeAI in Frameworks */,
			);
			runOnlyForDeploymentPostprocessing = 0;
		};
		089774612CC33C5D00AD50F6 /* Frameworks */ = {
			isa = PBXFrameworksBuildPhase;
			buildActionMask = 2147483647;
			files = (
			);
			runOnlyForDeploymentPostprocessing = 0;
		};
		0897746B2CC33C5D00AD50F6 /* Frameworks */ = {
			isa = PBXFrameworksBuildPhase;
			buildActionMask = 2147483647;
			files = (
			);
			runOnlyForDeploymentPostprocessing = 0;
		};
/* End PBXFrameworksBuildPhase section */

/* Begin PBXGroup section */
		084315A22CC46BC800FC4A72 /* Models */ = {
			isa = PBXGroup;
			children = (
				087AA47F2CF6A3DB0022423D /* AVPlayer+Ding.swift */,
				087AA4802CF6A3DB0022423D /* DailyScrum.swift */,
				085DF41C2CF81E0100254764 /* AudioAnswer.swift */,
				087AA4812CF6A3DB0022423D /* ErrorWrapper.swift */,
				087AA4822CF6A3DB0022423D /* History.swift */,
				085DF41E2CF81F2E00254764 /* AudioHistory.swift */,
				087AA4832CF6A3DB0022423D /* ScrumStore.swift */,
				085DF4202CF8206C00254764 /* AudioStore.swift */,
				087AA4842CF6A3DB0022423D /* ScrumTimer.swift */,
				087AA4852CF6A3DB0022423D /* SpeechRecognizer.swift */,
				087AA4862CF6A3DB0022423D /* Theme.swift */,
				084315B12CC477EA00FC4A72 /* QuestionModel.swift */,
				084315B82CC4951F00FC4A72 /* PreferencesModel.swift */,
			);
			path = Models;
			sourceTree = "<group>";
		};
		084315A42CC46D8400FC4A72 /* ViewModels */ = {
			isa = PBXGroup;
			children = (
				084315BA2CC495FE00FC4A72 /* PreferencesViewModel.swift */,
				089C63442CCEA5BC004BD505 /* QuestionViewModel.swift */,
				089C634C2CCEFCB3004BD505 /* VideoContentViewModel.swift */,
			);
			path = ViewModels;
			sourceTree = "<group>";
		};
		084315B32CC47B7600FC4A72 /* enums */ = {
			isa = PBXGroup;
			children = (
				088012D72CE9B03000F4EC79 /* APIKey.swift */,
				084315B42CC47BA200FC4A72 /* Levels.swift */,
			);
			path = enums;
			sourceTree = "<group>";
		};
		087AA4B02CF6AA2D0022423D /* Resources */ = {
			isa = PBXGroup;
			children = (
				087AA4AF2CF6AA2D0022423D /* ding.wav */,
			);
			path = Resources;
			sourceTree = "<group>";
		};
		0897744B2CC33C5B00AD50F6 = {
			isa = PBXGroup;
			children = (
				089774562CC33C5B00AD50F6 /* MockItUp */,
				089774672CC33C5D00AD50F6 /* MockItUpTests */,
				089774712CC33C5D00AD50F6 /* MockItUpUITests */,
				089774552CC33C5B00AD50F6 /* Products */,
			);
			sourceTree = "<group>";
		};
		089774552CC33C5B00AD50F6 /* Products */ = {
			isa = PBXGroup;
			children = (
				089774542CC33C5B00AD50F6 /* MockItUp.app */,
				089774642CC33C5D00AD50F6 /* MockItUpTests.xctest */,
				0897746E2CC33C5D00AD50F6 /* MockItUpUITests.xctest */,
			);
			name = Products;
			sourceTree = "<group>";
		};
		089774562CC33C5B00AD50F6 /* MockItUp */ = {
			isa = PBXGroup;
			children = (
				08C8A4592CC5EB7D00662E21 /* Documents */,
				084315B32CC47B7600FC4A72 /* enums */,
				084315A42CC46D8400FC4A72 /* ViewModels */,
				085DF4492CF822B700254764 /* Views */,
				084315A22CC46BC800FC4A72 /* Models */,
				089774572CC33C5B00AD50F6 /* MockItUpApp.swift */,
				0897745B2CC33C5D00AD50F6 /* Assets.xcassets */,
				0897745D2CC33C5D00AD50F6 /* Preview Content */,
				087AA4B02CF6AA2D0022423D /* Resources */,
			);
			path = MockItUp;
			sourceTree = "<group>";
		};
		0897745D2CC33C5D00AD50F6 /* Preview Content */ = {
			isa = PBXGroup;
			children = (
				0897745E2CC33C5D00AD50F6 /* Preview Assets.xcassets */,
			);
			path = "Preview Content";
			sourceTree = "<group>";
		};
		089774672CC33C5D00AD50F6 /* MockItUpTests */ = {
			isa = PBXGroup;
			children = (
				089774682CC33C5D00AD50F6 /* MockItUpTests.swift */,
			);
			path = MockItUpTests;
			sourceTree = "<group>";
		};
		089774712CC33C5D00AD50F6 /* MockItUpUITests */ = {
			isa = PBXGroup;
			children = (
				089774722CC33C5D00AD50F6 /* MockItUpUITests.swift */,
				089774742CC33C5D00AD50F6 /* MockItUpUITestsLaunchTests.swift */,
			);
			path = MockItUpUITests;
			sourceTree = "<group>";
		};
		08C8A4592CC5EB7D00662E21 /* Documents */ = {
			isa = PBXGroup;
			children = (
				08C8A4582CC5E54100662E21 /* StorageOptionsDocumentation.md */,
			);
			path = Documents;
			sourceTree = "<group>";
		};
/* End PBXGroup section */

/* Begin PBXNativeTarget section */
		089774532CC33C5B00AD50F6 /* MockItUp */ = {
			isa = PBXNativeTarget;
			buildConfigurationList = 089774782CC33C5D00AD50F6 /* Build configuration list for PBXNativeTarget "MockItUp" */;
			buildPhases = (
				089774502CC33C5B00AD50F6 /* Sources */,
				089774512CC33C5B00AD50F6 /* Frameworks */,
				089774522CC33C5B00AD50F6 /* Resources */,
			);
			buildRules = (
			);
			dependencies = (
			);
			fileSystemSynchronizedGroups = (
				085DF4492CF822B700254764 /* Views */,
			);
			name = MockItUp;
			productName = MockItUp;
			productReference = 089774542CC33C5B00AD50F6 /* MockItUp.app */;
			productType = "com.apple.product-type.application";
		};
		089774632CC33C5D00AD50F6 /* MockItUpTests */ = {
			isa = PBXNativeTarget;
			buildConfigurationList = 0897747B2CC33C5D00AD50F6 /* Build configuration list for PBXNativeTarget "MockItUpTests" */;
			buildPhases = (
				089774602CC33C5D00AD50F6 /* Sources */,
				089774612CC33C5D00AD50F6 /* Frameworks */,
				089774622CC33C5D00AD50F6 /* Resources */,
			);
			buildRules = (
			);
			dependencies = (
				089774662CC33C5D00AD50F6 /* PBXTargetDependency */,
			);
			name = MockItUpTests;
			productName = MockItUpTests;
			productReference = 089774642CC33C5D00AD50F6 /* MockItUpTests.xctest */;
			productType = "com.apple.product-type.bundle.unit-test";
		};
		0897746D2CC33C5D00AD50F6 /* MockItUpUITests */ = {
			isa = PBXNativeTarget;
			buildConfigurationList = 0897747E2CC33C5D00AD50F6 /* Build configuration list for PBXNativeTarget "MockItUpUITests" */;
			buildPhases = (
				0897746A2CC33C5D00AD50F6 /* Sources */,
				0897746B2CC33C5D00AD50F6 /* Frameworks */,
				0897746C2CC33C5D00AD50F6 /* Resources */,
			);
			buildRules = (
			);
			dependencies = (
				089774702CC33C5D00AD50F6 /* PBXTargetDependency */,
			);
			name = MockItUpUITests;
			productName = MockItUpUITests;
			productReference = 0897746E2CC33C5D00AD50F6 /* MockItUpUITests.xctest */;
			productType = "com.apple.product-type.bundle.ui-testing";
		};
/* End PBXNativeTarget section */

/* Begin PBXProject section */
		0897744C2CC33C5B00AD50F6 /* Project object */ = {
			isa = PBXProject;
			attributes = {
				BuildIndependentTargetsInParallel = 1;
				LastSwiftUpdateCheck = 1540;
				LastUpgradeCheck = 1540;
				TargetAttributes = {
					089774532CC33C5B00AD50F6 = {
						CreatedOnToolsVersion = 15.4;
					};
					089774632CC33C5D00AD50F6 = {
						CreatedOnToolsVersion = 15.4;
						TestTargetID = 089774532CC33C5B00AD50F6;
					};
					0897746D2CC33C5D00AD50F6 = {
						CreatedOnToolsVersion = 15.4;
						TestTargetID = 089774532CC33C5B00AD50F6;
					};
				};
			};
			buildConfigurationList = 0897744F2CC33C5B00AD50F6 /* Build configuration list for PBXProject "MockItUp" */;
			compatibilityVersion = "Xcode 14.0";
			developmentRegion = en;
			hasScannedForEncodings = 0;
			knownRegions = (
				en,
				Base,
			);
			mainGroup = 0897744B2CC33C5B00AD50F6;
			packageReferences = (
				088012D22CE9AE7900F4EC79 /* XCRemoteSwiftPackageReference "generative-ai-swift" */,
			);
			productRefGroup = 089774552CC33C5B00AD50F6 /* Products */;
			projectDirPath = "";
			projectRoot = "";
			targets = (
				089774532CC33C5B00AD50F6 /* MockItUp */,
				089774632CC33C5D00AD50F6 /* MockItUpTests */,
				0897746D2CC33C5D00AD50F6 /* MockItUpUITests */,
			);
		};
/* End PBXProject section */

/* Begin PBXResourcesBuildPhase section */
		089774522CC33C5B00AD50F6 /* Resources */ = {
			isa = PBXResourcesBuildPhase;
			buildActionMask = 2147483647;
			files = (
				087AA4B12CF6AA2D0022423D /* ding.wav in Resources */,
				0897745F2CC33C5D00AD50F6 /* Preview Assets.xcassets in Resources */,
				0897745C2CC33C5D00AD50F6 /* Assets.xcassets in Resources */,
			);
			runOnlyForDeploymentPostprocessing = 0;
		};
		089774622CC33C5D00AD50F6 /* Resources */ = {
			isa = PBXResourcesBuildPhase;
			buildActionMask = 2147483647;
			files = (
			);
			runOnlyForDeploymentPostprocessing = 0;
		};
		0897746C2CC33C5D00AD50F6 /* Resources */ = {
			isa = PBXResourcesBuildPhase;
			buildActionMask = 2147483647;
			files = (
			);
			runOnlyForDeploymentPostprocessing = 0;
		};
/* End PBXResourcesBuildPhase section */

/* Begin PBXSourcesBuildPhase section */
		089774502CC33C5B00AD50F6 /* Sources */ = {
			isa = PBXSourcesBuildPhase;
			buildActionMask = 2147483647;
			files = (
				084315B52CC47BA200FC4A72 /* Levels.swift in Sources */,
				085DF41F2CF81F3200254764 /* AudioHistory.swift in Sources */,
				087AA4872CF6A3DB0022423D /* SpeechRecognizer.swift in Sources */,
				087AA4882CF6A3DB0022423D /* AVPlayer+Ding.swift in Sources */,
				087AA4892CF6A3DB0022423D /* DailyScrum.swift in Sources */,
				087AA48A2CF6A3DB0022423D /* ScrumTimer.swift in Sources */,
				085DF4212CF8207100254764 /* AudioStore.swift in Sources */,
				087AA48B2CF6A3DB0022423D /* ErrorWrapper.swift in Sources */,
				087AA48C2CF6A3DB0022423D /* History.swift in Sources */,
				087AA48D2CF6A3DB0022423D /* ScrumStore.swift in Sources */,
				087AA48E2CF6A3DB0022423D /* Theme.swift in Sources */,
				085DF41D2CF81E1200254764 /* AudioAnswer.swift in Sources */,
				084315AA2CC471A200FC4A72 /* QuestionsListView.swift in Sources */,
				088012D82CE9B03400F4EC79 /* APIKey.swift in Sources */,
				089C634F2CCEFCFB004BD505 /* Preview.swift in Sources */,
				084315A62CC4717500FC4A72 /* PreferrencesView.swift in Sources */,
				084315B72CC48A0F00FC4A72 /* MainView.swift in Sources */,
				089C634B2CCEF756004BD505 /* AVCaptureSession.swift in Sources */,
				084315AC2CC471B300FC4A72 /* HomeView.swift in Sources */,
				089C63492CCEF6FF004BD505 /* AuthorizationChecker.swift in Sources */,
				08C8A4552CC5991900662E21 /* TabbedViewForStorageDemo.swift in Sources */,
				089C63452CCEA5BC004BD505 /* QuestionViewModel.swift in Sources */,
				089C634D2CCEFCB3004BD505 /* VideoContentViewModel.swift in Sources */,
				084315BB2CC495FF00FC4A72 /* PreferencesViewModel.swift in Sources */,
				084315B92CC4951F00FC4A72 /* PreferencesModel.swift in Sources */,
				089774582CC33C5B00AD50F6 /* MockItUpApp.swift in Sources */,
				084315B22CC477EA00FC4A72 /* QuestionModel.swift in Sources */,
			);
			runOnlyForDeploymentPostprocessing = 0;
		};
		089774602CC33C5D00AD50F6 /* Sources */ = {
			isa = PBXSourcesBuildPhase;
			buildActionMask = 2147483647;
			files = (
				089774692CC33C5D00AD50F6 /* MockItUpTests.swift in Sources */,
			);
			runOnlyForDeploymentPostprocessing = 0;
		};
		0897746A2CC33C5D00AD50F6 /* Sources */ = {
			isa = PBXSourcesBuildPhase;
			buildActionMask = 2147483647;
			files = (
				089774752CC33C5D00AD50F6 /* MockItUpUITestsLaunchTests.swift in Sources */,
				089774732CC33C5D00AD50F6 /* MockItUpUITests.swift in Sources */,
			);
			runOnlyForDeploymentPostprocessing = 0;
		};
/* End PBXSourcesBuildPhase section */

/* Begin PBXTargetDependency section */
		089774662CC33C5D00AD50F6 /* PBXTargetDependency */ = {
			isa = PBXTargetDependency;
			target = 089774532CC33C5B00AD50F6 /* MockItUp */;
			targetProxy = 089774652CC33C5D00AD50F6 /* PBXContainerItemProxy */;
		};
		089774702CC33C5D00AD50F6 /* PBXTargetDependency */ = {
			isa = PBXTargetDependency;
			target = 089774532CC33C5B00AD50F6 /* MockItUp */;
			targetProxy = 0897746F2CC33C5D00AD50F6 /* PBXContainerItemProxy */;
		};
/* End PBXTargetDependency section */

/* Begin XCBuildConfiguration section */
		089774762CC33C5D00AD50F6 /* Debug */ = {
			isa = XCBuildConfiguration;
			buildSettings = {
				ALWAYS_SEARCH_USER_PATHS = NO;
				ASSETCATALOG_COMPILER_GENERATE_SWIFT_ASSET_SYMBOL_EXTENSIONS = YES;
				CLANG_ANALYZER_NONNULL = YES;
				CLANG_ANALYZER_NUMBER_OBJECT_CONVERSION = YES_AGGRESSIVE;
				CLANG_CXX_LANGUAGE_STANDARD = "gnu++20";
				CLANG_ENABLE_MODULES = YES;
				CLANG_ENABLE_OBJC_ARC = YES;
				CLANG_ENABLE_OBJC_WEAK = YES;
				CLANG_WARN_BLOCK_CAPTURE_AUTORELEASING = YES;
				CLANG_WARN_BOOL_CONVERSION = YES;
				CLANG_WARN_COMMA = YES;
				CLANG_WARN_CONSTANT_CONVERSION = YES;
				CLANG_WARN_DEPRECATED_OBJC_IMPLEMENTATIONS = YES;
				CLANG_WARN_DIRECT_OBJC_ISA_USAGE = YES_ERROR;
				CLANG_WARN_DOCUMENTATION_COMMENTS = YES;
				CLANG_WARN_EMPTY_BODY = YES;
				CLANG_WARN_ENUM_CONVERSION = YES;
				CLANG_WARN_INFINITE_RECURSION = YES;
				CLANG_WARN_INT_CONVERSION = YES;
				CLANG_WARN_NON_LITERAL_NULL_CONVERSION = YES;
				CLANG_WARN_OBJC_IMPLICIT_RETAIN_SELF = YES;
				CLANG_WARN_OBJC_LITERAL_CONVERSION = YES;
				CLANG_WARN_OBJC_ROOT_CLASS = YES_ERROR;
				CLANG_WARN_QUOTED_INCLUDE_IN_FRAMEWORK_HEADER = YES;
				CLANG_WARN_RANGE_LOOP_ANALYSIS = YES;
				CLANG_WARN_STRICT_PROTOTYPES = YES;
				CLANG_WARN_SUSPICIOUS_MOVE = YES;
				CLANG_WARN_UNGUARDED_AVAILABILITY = YES_AGGRESSIVE;
				CLANG_WARN_UNREACHABLE_CODE = YES;
				CLANG_WARN__DUPLICATE_METHOD_MATCH = YES;
				COPY_PHASE_STRIP = NO;
				DEBUG_INFORMATION_FORMAT = dwarf;
				ENABLE_STRICT_OBJC_MSGSEND = YES;
				ENABLE_TESTABILITY = YES;
				ENABLE_USER_SCRIPT_SANDBOXING = YES;
				GCC_C_LANGUAGE_STANDARD = gnu17;
				GCC_DYNAMIC_NO_PIC = NO;
				GCC_NO_COMMON_BLOCKS = YES;
				GCC_OPTIMIZATION_LEVEL = 0;
				GCC_PREPROCESSOR_DEFINITIONS = (
					"DEBUG=1",
					"$(inherited)",
				);
				GCC_WARN_64_TO_32_BIT_CONVERSION = YES;
				GCC_WARN_ABOUT_RETURN_TYPE = YES_ERROR;
				GCC_WARN_UNDECLARED_SELECTOR = YES;
				GCC_WARN_UNINITIALIZED_AUTOS = YES_AGGRESSIVE;
				GCC_WARN_UNUSED_FUNCTION = YES;
				GCC_WARN_UNUSED_VARIABLE = YES;
				IPHONEOS_DEPLOYMENT_TARGET = 17.5;
				LOCALIZATION_PREFERS_STRING_CATALOGS = YES;
				MTL_ENABLE_DEBUG_INFO = INCLUDE_SOURCE;
				MTL_FAST_MATH = YES;
				ONLY_ACTIVE_ARCH = YES;
				SDKROOT = iphoneos;
				SWIFT_ACTIVE_COMPILATION_CONDITIONS = "DEBUG $(inherited)";
				SWIFT_OPTIMIZATION_LEVEL = "-Onone";
			};
			name = Debug;
		};
		089774772CC33C5D00AD50F6 /* Release */ = {
			isa = XCBuildConfiguration;
			buildSettings = {
				ALWAYS_SEARCH_USER_PATHS = NO;
				ASSETCATALOG_COMPILER_GENERATE_SWIFT_ASSET_SYMBOL_EXTENSIONS = YES;
				CLANG_ANALYZER_NONNULL = YES;
				CLANG_ANALYZER_NUMBER_OBJECT_CONVERSION = YES_AGGRESSIVE;
				CLANG_CXX_LANGUAGE_STANDARD = "gnu++20";
				CLANG_ENABLE_MODULES = YES;
				CLANG_ENABLE_OBJC_ARC = YES;
				CLANG_ENABLE_OBJC_WEAK = YES;
				CLANG_WARN_BLOCK_CAPTURE_AUTORELEASING = YES;
				CLANG_WARN_BOOL_CONVERSION = YES;
				CLANG_WARN_COMMA = YES;
				CLANG_WARN_CONSTANT_CONVERSION = YES;
				CLANG_WARN_DEPRECATED_OBJC_IMPLEMENTATIONS = YES;
				CLANG_WARN_DIRECT_OBJC_ISA_USAGE = YES_ERROR;
				CLANG_WARN_DOCUMENTATION_COMMENTS = YES;
				CLANG_WARN_EMPTY_BODY = YES;
				CLANG_WARN_ENUM_CONVERSION = YES;
				CLANG_WARN_INFINITE_RECURSION = YES;
				CLANG_WARN_INT_CONVERSION = YES;
				CLANG_WARN_NON_LITERAL_NULL_CONVERSION = YES;
				CLANG_WARN_OBJC_IMPLICIT_RETAIN_SELF = YES;
				CLANG_WARN_OBJC_LITERAL_CONVERSION = YES;
				CLANG_WARN_OBJC_ROOT_CLASS = YES_ERROR;
				CLANG_WARN_QUOTED_INCLUDE_IN_FRAMEWORK_HEADER = YES;
				CLANG_WARN_RANGE_LOOP_ANALYSIS = YES;
				CLANG_WARN_STRICT_PROTOTYPES = YES;
				CLANG_WARN_SUSPICIOUS_MOVE = YES;
				CLANG_WARN_UNGUARDED_AVAILABILITY = YES_AGGRESSIVE;
				CLANG_WARN_UNREACHABLE_CODE = YES;
				CLANG_WARN__DUPLICATE_METHOD_MATCH = YES;
				COPY_PHASE_STRIP = NO;
				DEBUG_INFORMATION_FORMAT = "dwarf-with-dsym";
				ENABLE_NS_ASSERTIONS = NO;
				ENABLE_STRICT_OBJC_MSGSEND = YES;
				ENABLE_USER_SCRIPT_SANDBOXING = YES;
				GCC_C_LANGUAGE_STANDARD = gnu17;
				GCC_NO_COMMON_BLOCKS = YES;
				GCC_WARN_64_TO_32_BIT_CONVERSION = YES;
				GCC_WARN_ABOUT_RETURN_TYPE = YES_ERROR;
				GCC_WARN_UNDECLARED_SELECTOR = YES;
				GCC_WARN_UNINITIALIZED_AUTOS = YES_AGGRESSIVE;
				GCC_WARN_UNUSED_FUNCTION = YES;
				GCC_WARN_UNUSED_VARIABLE = YES;
				IPHONEOS_DEPLOYMENT_TARGET = 17.5;
				LOCALIZATION_PREFERS_STRING_CATALOGS = YES;
				MTL_ENABLE_DEBUG_INFO = NO;
				MTL_FAST_MATH = YES;
				SDKROOT = iphoneos;
				SWIFT_COMPILATION_MODE = wholemodule;
				VALIDATE_PRODUCT = YES;
			};
			name = Release;
		};
		089774792CC33C5D00AD50F6 /* Debug */ = {
			isa = XCBuildConfiguration;
			buildSettings = {
				ASSETCATALOG_COMPILER_APPICON_NAME = AppIcon;
				ASSETCATALOG_COMPILER_GLOBAL_ACCENT_COLOR_NAME = AccentColor;
				CODE_SIGN_STYLE = Automatic;
				CURRENT_PROJECT_VERSION = 1;
				DEVELOPMENT_ASSET_PATHS = "\"MockItUp/Preview Content\"";
				DEVELOPMENT_TEAM = 9ZF9BX8WR8;
				ENABLE_PREVIEWS = YES;
				GENERATE_INFOPLIST_FILE = YES;
				INFOPLIST_KEY_NSCameraUsageDescription = "I'll use camera!";
				INFOPLIST_KEY_NSMicrophoneUsageDescription = "I'll Use Microphone";
				INFOPLIST_KEY_NSPhotoLibraryAddUsageDescription = "I'll use photos";
				INFOPLIST_KEY_NSPhotoLibraryUsageDescription = "Need access to save recordings";
				INFOPLIST_KEY_NSSpeechRecognitionUsageDescription = "Permission of audio";
				INFOPLIST_KEY_UIApplicationSceneManifest_Generation = YES;
				INFOPLIST_KEY_UIApplicationSupportsIndirectInputEvents = YES;
				INFOPLIST_KEY_UILaunchScreen_Generation = YES;
				INFOPLIST_KEY_UISupportedInterfaceOrientations_iPad = "UIInterfaceOrientationPortrait UIInterfaceOrientationPortraitUpsideDown UIInterfaceOrientationLandscapeLeft UIInterfaceOrientationLandscapeRight";
				INFOPLIST_KEY_UISupportedInterfaceOrientations_iPhone = "UIInterfaceOrientationPortrait UIInterfaceOrientationLandscapeLeft UIInterfaceOrientationLandscapeRight";
				LD_RUNPATH_SEARCH_PATHS = (
					"$(inherited)",
					"@executable_path/Frameworks",
				);
				MARKETING_VERSION = 1.0;
				PRODUCT_BUNDLE_IDENTIFIER = com.test.MockItUp;
				PRODUCT_NAME = "$(TARGET_NAME)";
				SWIFT_EMIT_LOC_STRINGS = YES;
				SWIFT_VERSION = 5.0;
				TARGETED_DEVICE_FAMILY = "1,2";
			};
			name = Debug;
		};
		0897747A2CC33C5D00AD50F6 /* Release */ = {
			isa = XCBuildConfiguration;
			buildSettings = {
				ASSETCATALOG_COMPILER_APPICON_NAME = AppIcon;
				ASSETCATALOG_COMPILER_GLOBAL_ACCENT_COLOR_NAME = AccentColor;
				CODE_SIGN_STYLE = Automatic;
				CURRENT_PROJECT_VERSION = 1;
				DEVELOPMENT_ASSET_PATHS = "\"MockItUp/Preview Content\"";
				DEVELOPMENT_TEAM = 9ZF9BX8WR8;
				ENABLE_PREVIEWS = YES;
				GENERATE_INFOPLIST_FILE = YES;
				INFOPLIST_KEY_NSCameraUsageDescription = "I'll use camera!";
				INFOPLIST_KEY_NSMicrophoneUsageDescription = "I'll Use Microphone";
				INFOPLIST_KEY_NSPhotoLibraryAddUsageDescription = "I'll use photos";
				INFOPLIST_KEY_NSPhotoLibraryUsageDescription = "Need access to save recordings";
				INFOPLIST_KEY_NSSpeechRecognitionUsageDescription = "Permission of audio";
				INFOPLIST_KEY_UIApplicationSceneManifest_Generation = YES;
				INFOPLIST_KEY_UIApplicationSupportsIndirectInputEvents = YES;
				INFOPLIST_KEY_UILaunchScreen_Generation = YES;
				INFOPLIST_KEY_UISupportedInterfaceOrientations_iPad = "UIInterfaceOrientationPortrait UIInterfaceOrientationPortraitUpsideDown UIInterfaceOrientationLandscapeLeft UIInterfaceOrientationLandscapeRight";
				INFOPLIST_KEY_UISupportedInterfaceOrientations_iPhone = "UIInterfaceOrientationPortrait UIInterfaceOrientationLandscapeLeft UIInterfaceOrientationLandscapeRight";
				LD_RUNPATH_SEARCH_PATHS = (
					"$(inherited)",
					"@executable_path/Frameworks",
				);
				MARKETING_VERSION = 1.0;
				PRODUCT_BUNDLE_IDENTIFIER = com.test.MockItUp;
				PRODUCT_NAME = "$(TARGET_NAME)";
				SWIFT_EMIT_LOC_STRINGS = YES;
				SWIFT_VERSION = 5.0;
				TARGETED_DEVICE_FAMILY = "1,2";
			};
			name = Release;
		};
		0897747C2CC33C5D00AD50F6 /* Debug */ = {
			isa = XCBuildConfiguration;
			buildSettings = {
				ALWAYS_EMBED_SWIFT_STANDARD_LIBRARIES = YES;
				BUNDLE_LOADER = "$(TEST_HOST)";
				CODE_SIGN_STYLE = Automatic;
				CURRENT_PROJECT_VERSION = 1;
				GENERATE_INFOPLIST_FILE = YES;
				IPHONEOS_DEPLOYMENT_TARGET = 17.5;
				MARKETING_VERSION = 1.0;
				PRODUCT_BUNDLE_IDENTIFIER = com.test.MockItUpTests;
				PRODUCT_NAME = "$(TARGET_NAME)";
				SWIFT_EMIT_LOC_STRINGS = NO;
				SWIFT_VERSION = 5.0;
				TARGETED_DEVICE_FAMILY = "1,2";
				TEST_HOST = "$(BUILT_PRODUCTS_DIR)/MockItUp.app/$(BUNDLE_EXECUTABLE_FOLDER_PATH)/MockItUp";
			};
			name = Debug;
		};
		0897747D2CC33C5D00AD50F6 /* Release */ = {
			isa = XCBuildConfiguration;
			buildSettings = {
				ALWAYS_EMBED_SWIFT_STANDARD_LIBRARIES = YES;
				BUNDLE_LOADER = "$(TEST_HOST)";
				CODE_SIGN_STYLE = Automatic;
				CURRENT_PROJECT_VERSION = 1;
				GENERATE_INFOPLIST_FILE = YES;
				IPHONEOS_DEPLOYMENT_TARGET = 17.5;
				MARKETING_VERSION = 1.0;
				PRODUCT_BUNDLE_IDENTIFIER = com.test.MockItUpTests;
				PRODUCT_NAME = "$(TARGET_NAME)";
				SWIFT_EMIT_LOC_STRINGS = NO;
				SWIFT_VERSION = 5.0;
				TARGETED_DEVICE_FAMILY = "1,2";
				TEST_HOST = "$(BUILT_PRODUCTS_DIR)/MockItUp.app/$(BUNDLE_EXECUTABLE_FOLDER_PATH)/MockItUp";
			};
			name = Release;
		};
		0897747F2CC33C5D00AD50F6 /* Debug */ = {
			isa = XCBuildConfiguration;
			buildSettings = {
				ALWAYS_EMBED_SWIFT_STANDARD_LIBRARIES = YES;
				CODE_SIGN_STYLE = Automatic;
				CURRENT_PROJECT_VERSION = 1;
				GENERATE_INFOPLIST_FILE = YES;
				MARKETING_VERSION = 1.0;
				PRODUCT_BUNDLE_IDENTIFIER = com.test.MockItUpUITests;
				PRODUCT_NAME = "$(TARGET_NAME)";
				SWIFT_EMIT_LOC_STRINGS = NO;
				SWIFT_VERSION = 5.0;
				TARGETED_DEVICE_FAMILY = "1,2";
				TEST_TARGET_NAME = MockItUp;
			};
			name = Debug;
		};
		089774802CC33C5D00AD50F6 /* Release */ = {
			isa = XCBuildConfiguration;
			buildSettings = {
				ALWAYS_EMBED_SWIFT_STANDARD_LIBRARIES = YES;
				CODE_SIGN_STYLE = Automatic;
				CURRENT_PROJECT_VERSION = 1;
				GENERATE_INFOPLIST_FILE = YES;
				MARKETING_VERSION = 1.0;
				PRODUCT_BUNDLE_IDENTIFIER = com.test.MockItUpUITests;
				PRODUCT_NAME = "$(TARGET_NAME)";
				SWIFT_EMIT_LOC_STRINGS = NO;
				SWIFT_VERSION = 5.0;
				TARGETED_DEVICE_FAMILY = "1,2";
				TEST_TARGET_NAME = MockItUp;
			};
			name = Release;
		};
/* End XCBuildConfiguration section */

/* Begin XCConfigurationList section */
		0897744F2CC33C5B00AD50F6 /* Build configuration list for PBXProject "MockItUp" */ = {
			isa = XCConfigurationList;
			buildConfigurations = (
				089774762CC33C5D00AD50F6 /* Debug */,
				089774772CC33C5D00AD50F6 /* Release */,
			);
			defaultConfigurationIsVisible = 0;
			defaultConfigurationName = Release;
		};
		089774782CC33C5D00AD50F6 /* Build configuration list for PBXNativeTarget "MockItUp" */ = {
			isa = XCConfigurationList;
			buildConfigurations = (
				089774792CC33C5D00AD50F6 /* Debug */,
				0897747A2CC33C5D00AD50F6 /* Release */,
			);
			defaultConfigurationIsVisible = 0;
			defaultConfigurationName = Release;
		};
		0897747B2CC33C5D00AD50F6 /* Build configuration list for PBXNativeTarget "MockItUpTests" */ = {
			isa = XCConfigurationList;
			buildConfigurations = (
				0897747C2CC33C5D00AD50F6 /* Debug */,
				0897747D2CC33C5D00AD50F6 /* Release */,
			);
			defaultConfigurationIsVisible = 0;
			defaultConfigurationName = Release;
		};
		0897747E2CC33C5D00AD50F6 /* Build configuration list for PBXNativeTarget "MockItUpUITests" */ = {
			isa = XCConfigurationList;
			buildConfigurations = (
				0897747F2CC33C5D00AD50F6 /* Debug */,
				089774802CC33C5D00AD50F6 /* Release */,
			);
			defaultConfigurationIsVisible = 0;
			defaultConfigurationName = Release;
		};
/* End XCConfigurationList section */

/* Begin XCRemoteSwiftPackageReference section */
		088012D22CE9AE7900F4EC79 /* XCRemoteSwiftPackageReference "generative-ai-swift" */ = {
			isa = XCRemoteSwiftPackageReference;
			repositoryURL = "https://github.com/google/generative-ai-swift";
			requirement = {
				kind = upToNextMajorVersion;
				minimumVersion = 0.5.6;
			};
		};
/* End XCRemoteSwiftPackageReference section */

/* Begin XCSwiftPackageProductDependency section */
		088012D32CE9AE7900F4EC79 /* GoogleGenerativeAI */ = {
			isa = XCSwiftPackageProductDependency;
			package = 088012D22CE9AE7900F4EC79 /* XCRemoteSwiftPackageReference "generative-ai-swift" */;
			productName = GoogleGenerativeAI;
		};
/* End XCSwiftPackageProductDependency section */
	};
	rootObject = 0897744C2CC33C5B00AD50F6 /* Project object */;
}
